
Microsoft Visual Studio Solution File, Format Version 12.00
# Visual Studio Version 17
VisualStudioVersion = 17.13.35806.99 d17.13
MinimumVisualStudioVersion = 10.0.40219.1
Project("{FAE04EC0-301F-11D3-BF4B-00C04F79EFBC}") = "ConsoleApp1", "ConsoleApp1.csproj", "{53DF3212-EBF3-4839-B851-5F7AD998B1AE}"
EndProject
Global
	GlobalSection(SolutionConfigurationPlatforms) = preSolution
		Debug|Any CPU = Debug|Any CPU
		Release|Any CPU = Release|Any CPU
	EndGlobalSection
	GlobalSection(ProjectConfigurationPlatforms) = postSolution
		{53DF3212-EBF3-4839-B851-5F7AD998B1AE}.Debug|Any CPU.ActiveCfg = Debug|Any CPU
		{53DF3212-EBF3-4839-B851-5F7AD998B1AE}.Debug|Any CPU.Build.0 = Debug|Any CPU
		{53DF3212-EBF3-4839-B851-5F7AD998B1AE}.Release|Any CPU.ActiveCfg = Release|Any CPU
		{53DF3212-EBF3-4839-B851-5F7AD998B1AE}.Release|Any CPU.Build.0 = Release|Any CPU
	EndGlobalSection
	GlobalSection(SolutionProperties) = preSolution
		HideSolutionNode = FALSE
	EndGlobalSection
	GlobalSection(ExtensibilityGlobals) = postSolution
		SolutionGuid = {4E5731FE-5322-4573-971B-54A0A147FCB8}
	EndGlobalSection
EndGlobal
